// !$*UTF8*$!
{
	archiveVersion = 1;
	classes = {
	};
	objectVersion = 56;
	objects = {

/* Begin PBXBuildFile section */
		CE5FC6002A3395F300EB715F /* alterarNom3App.swift in Sources */ = {isa = PBXBuildFile; fileRef = CE5FC5FF2A3395F300EB715F /* alterarNom3App.swift */; };
		CE5FC6022A3395F300EB715F /* ContentView.swift in Sources */ = {isa = PBXBuildFile; fileRef = CE5FC6012A3395F300EB715F /* ContentView.swift */; };
		CE5FC6042A3395F300EB715F /* Assets.xcassets in Resources */ = {isa = PBXBuildFile; fileRef = CE5FC6032A3395F300EB715F /* Assets.xcassets */; };
		CE5FC6072A3395F300EB715F /* Preview Assets.xcassets in Resources */ = {isa = PBXBuildFile; fileRef = CE5FC6062A3395F300EB715F /* Preview Assets.xcassets */; };
		CE5FC6112A3395F300EB715F /* alterarNom3Tests.swift in Sources */ = {isa = PBXBuildFile; fileRef = CE5FC6102A3395F300EB715F /* alterarNom3Tests.swift */; };
		CE5FC61B2A3395F400EB715F /* alterarNom3UITests.swift in Sources */ = {isa = PBXBuildFile; fileRef = CE5FC61A2A3395F400EB715F /* alterarNom3UITests.swift */; };
		CE5FC61D2A3395F400EB715F /* alterarNom3UITestsLaunchTests.swift in Sources */ = {isa = PBXBuildFile; fileRef = CE5FC61C2A3395F400EB715F /* alterarNom3UITestsLaunchTests.swift */; };
/* End PBXBuildFile section */

/* Begin PBXContainerItemProxy section */
		CE5FC60D2A3395F300EB715F /* PBXContainerItemProxy */ = {
			isa = PBXContainerItemProxy;
			containerPortal = CE5FC5F42A3395F300EB715F /* Project object */;
			proxyType = 1;
			remoteGlobalIDString = CE5FC5FB2A3395F300EB715F;
			remoteInfo = alterarNom3;
		};
		CE5FC6172A3395F400EB715F /* PBXContainerItemProxy */ = {
			isa = PBXContainerItemProxy;
			containerPortal = CE5FC5F42A3395F300EB715F /* Project object */;
			proxyType = 1;
			remoteGlobalIDString = CE5FC5FB2A3395F300EB715F;
			remoteInfo = alterarNom3;
		};
/* End PBXContainerItemProxy section */

/* Begin PBXFileReference section */
		CE5FC5FC2A3395F300EB715F /* alterarNom3.app */ = {isa = PBXFileReference; explicitFileType = wrapper.application; includeInIndex = 0; path = alterarNom3.app; sourceTree = BUILT_PRODUCTS_DIR; };
		CE5FC5FF2A3395F300EB715F /* alterarNom3App.swift */ = {isa = PBXFileReference; lastKnownFileType = sourcecode.swift; path = alterarNom3App.swift; sourceTree = "<group>"; };
		CE5FC6012A3395F300EB715F /* ContentView.swift */ = {isa = PBXFileReference; lastKnownFileType = sourcecode.swift; path = ContentView.swift; sourceTree = "<group>"; };
		CE5FC6032A3395F300EB715F /* Assets.xcassets */ = {isa = PBXFileReference; lastKnownFileType = folder.assetcatalog; path = Assets.xcassets; sourceTree = "<group>"; };
		CE5FC6062A3395F300EB715F /* Preview Assets.xcassets */ = {isa = PBXFileReference; lastKnownFileType = folder.assetcatalog; path = "Preview Assets.xcassets"; sourceTree = "<group>"; };
		CE5FC60C2A3395F300EB715F /* alterarNom3Tests.xctest */ = {isa = PBXFileReference; explicitFileType = wrapper.cfbundle; includeInIndex = 0; path = alterarNom3Tests.xctest; sourceTree = BUILT_PRODUCTS_DIR; };
		CE5FC6102A3395F300EB715F /* alterarNom3Tests.swift */ = {isa = PBXFileReference; lastKnownFileType = sourcecode.swift; path = alterarNom3Tests.swift; sourceTree = "<group>"; };
		CE5FC6162A3395F400EB715F /* alterarNom3UITests.xctest */ = {isa = PBXFileReference; explicitFileType = wrapper.cfbundle; includeInIndex = 0; path = alterarNom3UITests.xctest; sourceTree = BUILT_PRODUCTS_DIR; };
		CE5FC61A2A3395F400EB715F /* alterarNom3UITests.swift */ = {isa = PBXFileReference; lastKnownFileType = sourcecode.swift; path = alterarNom3UITests.swift; sourceTree = "<group>"; };
		CE5FC61C2A3395F400EB715F /* alterarNom3UITestsLaunchTests.swift */ = {isa = PBXFileReference; lastKnownFileType = sourcecode.swift; path = alterarNom3UITestsLaunchTests.swift; sourceTree = "<group>"; };
/* End PBXFileReference section */

/* Begin PBXFrameworksBuildPhase section */
		CE5FC5F92A3395F300EB715F /* Frameworks */ = {
			isa = PBXFrameworksBuildPhase;
			buildActionMask = 2147483647;
			files = (
			);
			runOnlyForDeploymentPostprocessing = 0;
		};
		CE5FC6092A3395F300EB715F /* Frameworks */ = {
			isa = PBXFrameworksBuildPhase;
			buildActionMask = 2147483647;
			files = (
			);
			runOnlyForDeploymentPostprocessing = 0;
		};
		CE5FC6132A3395F400EB715F /* Frameworks */ = {
			isa = PBXFrameworksBuildPhase;
			buildActionMask = 2147483647;
			files = (
			);
			runOnlyForDeploymentPostprocessing = 0;
		};
/* End PBXFrameworksBuildPhase section */

/* Begin PBXGroup section */
		CE5FC5F32A3395F300EB715F = {
			isa = PBXGroup;
			children = (
				CE5FC5FE2A3395F300EB715F /* alterarNom3 */,
				CE5FC60F2A3395F300EB715F /* alterarNom3Tests */,
				CE5FC6192A3395F400EB715F /* alterarNom3UITests */,
				CE5FC5FD2A3395F300EB715F /* Products */,
			);
			sourceTree = "<group>";
		};
		CE5FC5FD2A3395F300EB715F /* Products */ = {
			isa = PBXGroup;
			children = (
				CE5FC5FC2A3395F300EB715F /* alterarNom3.app */,
				CE5FC60C2A3395F300EB715F /* alterarNom3Tests.xctest */,
				CE5FC6162A3395F400EB715F /* alterarNom3UITests.xctest */,
			);
			name = Products;
			sourceTree = "<group>";
		};
		CE5FC5FE2A3395F300EB715F /* alterarNom3 */ = {
			isa = PBXGroup;
			children = (
				CE5FC5FF2A3395F300EB715F /* alterarNom3App.swift */,
				CE5FC6012A3395F300EB715F /* ContentView.swift */,
				CE5FC6032A3395F300EB715F /* Assets.xcassets */,
				CE5FC6052A3395F300EB715F /* Preview Content */,
			);
			path = alterarNom3;
			sourceTree = "<group>";
		};
		CE5FC6052A3395F300EB715F /* Preview Content */ = {
			isa = PBXGroup;
			children = (
				CE5FC6062A3395F300EB715F /* Preview Assets.xcassets */,
			);
			path = "Preview Content";
			sourceTree = "<group>";
		};
		CE5FC60F2A3395F300EB715F /* alterarNom3Tests */ = {
			isa = PBXGroup;
			children = (
				CE5FC6102A3395F300EB715F /* alterarNom3Tests.swift */,
			);
			path = alterarNom3Tests;
			sourceTree = "<group>";
		};
		CE5FC6192A3395F400EB715F /* alterarNom3UITests */ = {
			isa = PBXGroup;
			children = (
				CE5FC61A2A3395F400EB715F /* alterarNom3UITests.swift */,
				CE5FC61C2A3395F400EB715F /* alterarNom3UITestsLaunchTests.swift */,
			);
			path = alterarNom3UITests;
			sourceTree = "<group>";
		};
/* End PBXGroup section */

/* Begin PBXNativeTarget section */
		CE5FC5FB2A3395F300EB715F /* alterarNom3 */ = {
			isa = PBXNativeTarget;
			buildConfigurationList = CE5FC6202A3395F400EB715F /* Build configuration list for PBXNativeTarget "alterarNom3" */;
			buildPhases = (
				CE5FC5F82A3395F300EB715F /* Sources */,
				CE5FC5F92A3395F300EB715F /* Frameworks */,
				CE5FC5FA2A3395F300EB715F /* Resources */,
			);
			buildRules = (
			);
			dependencies = (
			);
			name = alterarNom3;
			productName = alterarNom3;
			productReference = CE5FC5FC2A3395F300EB715F /* alterarNom3.app */;
			productType = "com.apple.product-type.application";
		};
		CE5FC60B2A3395F300EB715F /* alterarNom3Tests */ = {
			isa = PBXNativeTarget;
			buildConfigurationList = CE5FC6232A3395F400EB715F /* Build configuration list for PBXNativeTarget "alterarNom3Tests" */;
			buildPhases = (
				CE5FC6082A3395F300EB715F /* Sources */,
				CE5FC6092A3395F300EB715F /* Frameworks */,
				CE5FC60A2A3395F300EB715F /* Resources */,
			);
			buildRules = (
			);
			dependencies = (
				CE5FC60E2A3395F300EB715F /* PBXTargetDependency */,
			);
			name = alterarNom3Tests;
			productName = alterarNom3Tests;
			productReference = CE5FC60C2A3395F300EB715F /* alterarNom3Tests.xctest */;
			productType = "com.apple.product-type.bundle.unit-test";
		};
		CE5FC6152A3395F400EB715F /* alterarNom3UITests */ = {
			isa = PBXNativeTarget;
			buildConfigurationList = CE5FC6262A3395F400EB715F /* Build configuration list for PBXNativeTarget "alterarNom3UITests" */;
			buildPhases = (
				CE5FC6122A3395F400EB715F /* Sources */,
				CE5FC6132A3395F400EB715F /* Frameworks */,
				CE5FC6142A3395F400EB715F /* Resources */,
			);
			buildRules = (
			);
			dependencies = (
				CE5FC6182A3395F400EB715F /* PBXTargetDependency */,
			);
			name = alterarNom3UITests;
			productName = alterarNom3UITests;
			productReference = CE5FC6162A3395F400EB715F /* alterarNom3UITests.xctest */;
			productType = "com.apple.product-type.bundle.ui-testing";
		};
/* End PBXNativeTarget section */

/* Begin PBXProject section */
		CE5FC5F42A3395F300EB715F /* Project object */ = {
			isa = PBXProject;
			attributes = {
				BuildIndependentTargetsInParallel = 1;
				LastSwiftUpdateCheck = 1420;
				LastUpgradeCheck = 1420;
				TargetAttributes = {
					CE5FC5FB2A3395F300EB715F = {
						CreatedOnToolsVersion = 14.2;
					};
					CE5FC60B2A3395F300EB715F = {
						CreatedOnToolsVersion = 14.2;
						TestTargetID = CE5FC5FB2A3395F300EB715F;
					};
					CE5FC6152A3395F400EB715F = {
						CreatedOnToolsVersion = 14.2;
						TestTargetID = CE5FC5FB2A3395F300EB715F;
					};
				};
			};
			buildConfigurationList = CE5FC5F72A3395F300EB715F /* Build configuration list for PBXProject "alterarNom3" */;
			compatibilityVersion = "Xcode 14.0";
			developmentRegion = en;
			hasScannedForEncodings = 0;
			knownRegions = (
				en,
				Base,
			);
			mainGroup = CE5FC5F32A3395F300EB715F;
			productRefGroup = CE5FC5FD2A3395F300EB715F /* Products */;
			projectDirPath = "";
			projectRoot = "";
			targets = (
				CE5FC5FB2A3395F300EB715F /* alterarNom3 */,
				CE5FC60B2A3395F300EB715F /* alterarNom3Tests */,
				CE5FC6152A3395F400EB715F /* alterarNom3UITests */,
			);
		};
/* End PBXProject section */

/* Begin PBXResourcesBuildPhase section */
		CE5FC5FA2A3395F300EB715F /* Resources */ = {
			isa = PBXResourcesBuildPhase;
			buildActionMask = 2147483647;
			files = (
				CE5FC6072A3395F300EB715F /* Preview Assets.xcassets in Resources */,
				CE5FC6042A3395F300EB715F /* Assets.xcassets in Resources */,
			);
			runOnlyForDeploymentPostprocessing = 0;
		};
		CE5FC60A2A3395F300EB715F /* Resources */ = {
			isa = PBXResourcesBuildPhase;
			buildActionMask = 2147483647;
			files = (
			);
			runOnlyForDeploymentPostprocessing = 0;
		};
		CE5FC6142A3395F400EB715F /* Resources */ = {
			isa = PBXResourcesBuildPhase;
			buildActionMask = 2147483647;
			files = (
			);
			runOnlyForDeploymentPostprocessing = 0;
		};
/* End PBXResourcesBuildPhase section */

/* Begin PBXSourcesBuildPhase section */
		CE5FC5F82A3395F300EB715F /* Sources */ = {
			isa = PBXSourcesBuildPhase;
			buildActionMask = 2147483647;
			files = (
				CE5FC6022A3395F300EB715F /* ContentView.swift in Sources */,
				CE5FC6002A3395F300EB715F /* alterarNom3App.swift in Sources */,
			);
			runOnlyForDeploymentPostprocessing = 0;
		};
		CE5FC6082A3395F300EB715F /* Sources */ = {
			isa = PBXSourcesBuildPhase;
			buildActionMask = 2147483647;
			files = (
				CE5FC6112A3395F300EB715F /* alterarNom3Tests.swift in Sources */,
			);
			runOnlyForDeploymentPostprocessing = 0;
		};
		CE5FC6122A3395F400EB715F /* Sources */ = {
			isa = PBXSourcesBuildPhase;
			buildActionMask = 2147483647;
			files = (
				CE5FC61B2A3395F400EB715F /* alterarNom3UITests.swift in Sources */,
				CE5FC61D2A3395F400EB715F /* alterarNom3UITestsLaunchTests.swift in Sources */,
			);
			runOnlyForDeploymentPostprocessing = 0;
		};
/* End PBXSourcesBuildPhase section */

/* Begin PBXTargetDependency section */
		CE5FC60E2A3395F300EB715F /* PBXTargetDependency */ = {
			isa = PBXTargetDependency;
			target = CE5FC5FB2A3395F300EB715F /* alterarNom3 */;
			targetProxy = CE5FC60D2A3395F300EB715F /* PBXContainerItemProxy */;
		};
		CE5FC6182A3395F400EB715F /* PBXTargetDependency */ = {
			isa = PBXTargetDependency;
			target = CE5FC5FB2A3395F300EB715F /* alterarNom3 */;
			targetProxy = CE5FC6172A3395F400EB715F /* PBXContainerItemProxy */;
		};
/* End PBXTargetDependency section */

/* Begin XCBuildConfiguration section */
		CE5FC61E2A3395F400EB715F /* Debug */ = {
			isa = XCBuildConfiguration;
			buildSettings = {
				ALWAYS_SEARCH_USER_PATHS = NO;
				CLANG_ANALYZER_NONNULL = YES;
				CLANG_ANALYZER_NUMBER_OBJECT_CONVERSION = YES_AGGRESSIVE;
				CLANG_CXX_LANGUAGE_STANDARD = "gnu++20";
				CLANG_ENABLE_MODULES = YES;
				CLANG_ENABLE_OBJC_ARC = YES;
				CLANG_ENABLE_OBJC_WEAK = YES;
				CLANG_WARN_BLOCK_CAPTURE_AUTORELEASING = YES;
				CLANG_WARN_BOOL_CONVERSION = YES;
				CLANG_WARN_COMMA = YES;
				CLANG_WARN_CONSTANT_CONVERSION = YES;
				CLANG_WARN_DEPRECATED_OBJC_IMPLEMENTATIONS = YES;
				CLANG_WARN_DIRECT_OBJC_ISA_USAGE = YES_ERROR;
				CLANG_WARN_DOCUMENTATION_COMMENTS = YES;
				CLANG_WARN_EMPTY_BODY = YES;
				CLANG_WARN_ENUM_CONVERSION = YES;
				CLANG_WARN_INFINITE_RECURSION = YES;
				CLANG_WARN_INT_CONVERSION = YES;
				CLANG_WARN_NON_LITERAL_NULL_CONVERSION = YES;
				CLANG_WARN_OBJC_IMPLICIT_RETAIN_SELF = YES;
				CLANG_WARN_OBJC_LITERAL_CONVERSION = YES;
				CLANG_WARN_OBJC_ROOT_CLASS = YES_ERROR;
				CLANG_WARN_QUOTED_INCLUDE_IN_FRAMEWORK_HEADER = YES;
				CLANG_WARN_RANGE_LOOP_ANALYSIS = YES;
				CLANG_WARN_STRICT_PROTOTYPES = YES;
				CLANG_WARN_SUSPICIOUS_MOVE = YES;
				CLANG_WARN_UNGUARDED_AVAILABILITY = YES_AGGRESSIVE;
				CLANG_WARN_UNREACHABLE_CODE = YES;
				CLANG_WARN__DUPLICATE_METHOD_MATCH = YES;
				COPY_PHASE_STRIP = NO;
				DEBUG_INFORMATION_FORMAT = dwarf;
				ENABLE_STRICT_OBJC_MSGSEND = YES;
				ENABLE_TESTABILITY = YES;
				GCC_C_LANGUAGE_STANDARD = gnu11;
				GCC_DYNAMIC_NO_PIC = NO;
				GCC_NO_COMMON_BLOCKS = YES;
				GCC_OPTIMIZATION_LEVEL = 0;
				GCC_PREPROCESSOR_DEFINITIONS = (
					"DEBUG=1",
					"$(inherited)",
				);
				GCC_WARN_64_TO_32_BIT_CONVERSION = YES;
				GCC_WARN_ABOUT_RETURN_TYPE = YES_ERROR;
				GCC_WARN_UNDECLARED_SELECTOR = YES;
				GCC_WARN_UNINITIALIZED_AUTOS = YES_AGGRESSIVE;
				GCC_WARN_UNUSED_FUNCTION = YES;
				GCC_WARN_UNUSED_VARIABLE = YES;
				IPHONEOS_DEPLOYMENT_TARGET = 16.2;
				MTL_ENABLE_DEBUG_INFO = INCLUDE_SOURCE;
				MTL_FAST_MATH = YES;
				ONLY_ACTIVE_ARCH = YES;
				SDKROOT = iphoneos;
				SWIFT_ACTIVE_COMPILATION_CONDITIONS = DEBUG;
				SWIFT_OPTIMIZATION_LEVEL = "-Onone";
			};
			name = Debug;
		};
		CE5FC61F2A3395F400EB715F /* Release */ = {
			isa = XCBuildConfiguration;
			buildSettings = {
				ALWAYS_SEARCH_USER_PATHS = NO;
				CLANG_ANALYZER_NONNULL = YES;
				CLANG_ANALYZER_NUMBER_OBJECT_CONVERSION = YES_AGGRESSIVE;
				CLANG_CXX_LANGUAGE_STANDARD = "gnu++20";
				CLANG_ENABLE_MODULES = YES;
				CLANG_ENABLE_OBJC_ARC = YES;
				CLANG_ENABLE_OBJC_WEAK = YES;
				CLANG_WARN_BLOCK_CAPTURE_AUTORELEASING = YES;
				CLANG_WARN_BOOL_CONVERSION = YES;
				CLANG_WARN_COMMA = YES;
				CLANG_WARN_CONSTANT_CONVERSION = YES;
				CLANG_WARN_DEPRECATED_OBJC_IMPLEMENTATIONS = YES;
				CLANG_WARN_DIRECT_OBJC_ISA_USAGE = YES_ERROR;
				CLANG_WARN_DOCUMENTATION_COMMENTS = YES;
				CLANG_WARN_EMPTY_BODY = YES;
				CLANG_WARN_ENUM_CONVERSION = YES;
				CLANG_WARN_INFINITE_RECURSION = YES;
				CLANG_WARN_INT_CONVERSION = YES;
				CLANG_WARN_NON_LITERAL_NULL_CONVERSION = YES;
				CLANG_WARN_OBJC_IMPLICIT_RETAIN_SELF = YES;
				CLANG_WARN_OBJC_LITERAL_CONVERSION = YES;
				CLANG_WARN_OBJC_ROOT_CLASS = YES_ERROR;
				CLANG_WARN_QUOTED_INCLUDE_IN_FRAMEWORK_HEADER = YES;
				CLANG_WARN_RANGE_LOOP_ANALYSIS = YES;
				CLANG_WARN_STRICT_PROTOTYPES = YES;
				CLANG_WARN_SUSPICIOUS_MOVE = YES;
				CLANG_WARN_UNGUARDED_AVAILABILITY = YES_AGGRESSIVE;
				CLANG_WARN_UNREACHABLE_CODE = YES;
				CLANG_WARN__DUPLICATE_METHOD_MATCH = YES;
				COPY_PHASE_STRIP = NO;
				DEBUG_INFORMATION_FORMAT = "dwarf-with-dsym";
				ENABLE_NS_ASSERTIONS = NO;
				ENABLE_STRICT_OBJC_MSGSEND = YES;
				GCC_C_LANGUAGE_STANDARD = gnu11;
				GCC_NO_COMMON_BLOCKS = YES;
				GCC_WARN_64_TO_32_BIT_CONVERSION = YES;
				GCC_WARN_ABOUT_RETURN_TYPE = YES_ERROR;
				GCC_WARN_UNDECLARED_SELECTOR = YES;
				GCC_WARN_UNINITIALIZED_AUTOS = YES_AGGRESSIVE;
				GCC_WARN_UNUSED_FUNCTION = YES;
				GCC_WARN_UNUSED_VARIABLE = YES;
				IPHONEOS_DEPLOYMENT_TARGET = 16.2;
				MTL_ENABLE_DEBUG_INFO = NO;
				MTL_FAST_MATH = YES;
				SDKROOT = iphoneos;
				SWIFT_COMPILATION_MODE = wholemodule;
				SWIFT_OPTIMIZATION_LEVEL = "-O";
				VALIDATE_PRODUCT = YES;
			};
			name = Release;
		};
		CE5FC6212A3395F400EB715F /* Debug */ = {
			isa = XCBuildConfiguration;
			buildSettings = {
				ASSETCATALOG_COMPILER_APPICON_NAME = AppIcon;
				ASSETCATALOG_COMPILER_GLOBAL_ACCENT_COLOR_NAME = AccentColor;
				CODE_SIGN_STYLE = Automatic;
				CURRENT_PROJECT_VERSION = 1;
				DEVELOPMENT_ASSET_PATHS = "\"alterarNom3/Preview Content\"";
				ENABLE_PREVIEWS = YES;
				GENERATE_INFOPLIST_FILE = YES;
				INFOPLIST_KEY_UIApplicationSceneManifest_Generation = YES;
				INFOPLIST_KEY_UIApplicationSupportsIndirectInputEvents = YES;
				INFOPLIST_KEY_UILaunchScreen_Generation = YES;
				INFOPLIST_KEY_UISupportedInterfaceOrientations_iPad = "UIInterfaceOrientationPortrait UIInterfaceOrientationPortraitUpsideDown UIInterfaceOrientationLandscapeLeft UIInterfaceOrientationLandscapeRight";
				INFOPLIST_KEY_UISupportedInterfaceOrientations_iPhone = "UIInterfaceOrientationPortrait UIInterfaceOrientationLandscapeLeft UIInterfaceOrientationLandscapeRight";
				LD_RUNPATH_SEARCH_PATHS = (
					"$(inherited)",
					"@executable_path/Frameworks",
				);
				MARKETING_VERSION = 1.0;
				PRODUCT_BUNDLE_IDENTIFIER = jadis3.alterarNom3;
				PRODUCT_NAME = "$(TARGET_NAME)";
				SWIFT_EMIT_LOC_STRINGS = YES;
				SWIFT_VERSION = 5.0;
				TARGETED_DEVICE_FAMILY = "1,2";
			};
			name = Debug;
		};
		CE5FC6222A3395F400EB715F /* Release */ = {
			isa = XCBuildConfiguration;
			buildSettings = {
				ASSETCATALOG_COMPILER_APPICON_NAME = AppIcon;
				ASSETCATALOG_COMPILER_GLOBAL_ACCENT_COLOR_NAME = AccentColor;
				CODE_SIGN_STYLE = Automatic;
				CURRENT_PROJECT_VERSION = 1;
				DEVELOPMENT_ASSET_PATHS = "\"alterarNom3/Preview Content\"";
				ENABLE_PREVIEWS = YES;
				GENERATE_INFOPLIST_FILE = YES;
				INFOPLIST_KEY_UIApplicationSceneManifest_Generation = YES;
				INFOPLIST_KEY_UIApplicationSupportsIndirectInputEvents = YES;
				INFOPLIST_KEY_UILaunchScreen_Generation = YES;
				INFOPLIST_KEY_UISupportedInterfaceOrientations_iPad = "UIInterfaceOrientationPortrait UIInterfaceOrientationPortraitUpsideDown UIInterfaceOrientationLandscapeLeft UIInterfaceOrientationLandscapeRight";
				INFOPLIST_KEY_UISupportedInterfaceOrientations_iPhone = "UIInterfaceOrientationPortrait UIInterfaceOrientationLandscapeLeft UIInterfaceOrientationLandscapeRight";
				LD_RUNPATH_SEARCH_PATHS = (
					"$(inherited)",
					"@executable_path/Frameworks",
				);
				MARKETING_VERSION = 1.0;
				PRODUCT_BUNDLE_IDENTIFIER = jadis3.alterarNom3;
				PRODUCT_NAME = "$(TARGET_NAME)";
				SWIFT_EMIT_LOC_STRINGS = YES;
				SWIFT_VERSION = 5.0;
				TARGETED_DEVICE_FAMILY = "1,2";
			};
			name = Release;
		};
		CE5FC6242A3395F400EB715F /* Debug */ = {
			isa = XCBuildConfiguration;
			buildSettings = {
				ALWAYS_EMBED_SWIFT_STANDARD_LIBRARIES = YES;
				BUNDLE_LOADER = "$(TEST_HOST)";
				CODE_SIGN_STYLE = Automatic;
				CURRENT_PROJECT_VERSION = 1;
				GENERATE_INFOPLIST_FILE = YES;
				IPHONEOS_DEPLOYMENT_TARGET = 16.2;
				MARKETING_VERSION = 1.0;
				PRODUCT_BUNDLE_IDENTIFIER = jadis3.alterarNom3Tests;
				PRODUCT_NAME = "$(TARGET_NAME)";
				SWIFT_EMIT_LOC_STRINGS = NO;
				SWIFT_VERSION = 5.0;
				TARGETED_DEVICE_FAMILY = "1,2";
				TEST_HOST = "$(BUILT_PRODUCTS_DIR)/alterarNom3.app/$(BUNDLE_EXECUTABLE_FOLDER_PATH)/alterarNom3";
			};
			name = Debug;
		};
		CE5FC6252A3395F400EB715F /* Release */ = {
			isa = XCBuildConfiguration;
			buildSettings = {
				ALWAYS_EMBED_SWIFT_STANDARD_LIBRARIES = YES;
				BUNDLE_LOADER = "$(TEST_HOST)";
				CODE_SIGN_STYLE = Automatic;
				CURRENT_PROJECT_VERSION = 1;
				GENERATE_INFOPLIST_FILE = YES;
				IPHONEOS_DEPLOYMENT_TARGET = 16.2;
				MARKETING_VERSION = 1.0;
				PRODUCT_BUNDLE_IDENTIFIER = jadis3.alterarNom3Tests;
				PRODUCT_NAME = "$(TARGET_NAME)";
				SWIFT_EMIT_LOC_STRINGS = NO;
				SWIFT_VERSION = 5.0;
				TARGETED_DEVICE_FAMILY = "1,2";
				TEST_HOST = "$(BUILT_PRODUCTS_DIR)/alterarNom3.app/$(BUNDLE_EXECUTABLE_FOLDER_PATH)/alterarNom3";
			};
			name = Release;
		};
		CE5FC6272A3395F400EB715F /* Debug */ = {
			isa = XCBuildConfiguration;
			buildSettings = {
				ALWAYS_EMBED_SWIFT_STANDARD_LIBRARIES = YES;
				CODE_SIGN_STYLE = Automatic;
				CURRENT_PROJECT_VERSION = 1;
				GENERATE_INFOPLIST_FILE = YES;
				MARKETING_VERSION = 1.0;
				PRODUCT_BUNDLE_IDENTIFIER = jadis3.alterarNom3UITests;
				PRODUCT_NAME = "$(TARGET_NAME)";
				SWIFT_EMIT_LOC_STRINGS = NO;
				SWIFT_VERSION = 5.0;
				TARGETED_DEVICE_FAMILY = "1,2";
				TEST_TARGET_NAME = alterarNom3;
			};
			name = Debug;
		};
		CE5FC6282A3395F400EB715F /* Release */ = {
			isa = XCBuildConfiguration;
			buildSettings = {
				ALWAYS_EMBED_SWIFT_STANDARD_LIBRARIES = YES;
				CODE_SIGN_STYLE = Automatic;
				CURRENT_PROJECT_VERSION = 1;
				GENERATE_INFOPLIST_FILE = YES;
				MARKETING_VERSION = 1.0;
				PRODUCT_BUNDLE_IDENTIFIER = jadis3.alterarNom3UITests;
				PRODUCT_NAME = "$(TARGET_NAME)";
				SWIFT_EMIT_LOC_STRINGS = NO;
				SWIFT_VERSION = 5.0;
				TARGETED_DEVICE_FAMILY = "1,2";
				TEST_TARGET_NAME = alterarNom3;
			};
			name = Release;
		};
/* End XCBuildConfiguration section */

/* Begin XCConfigurationList section */
		CE5FC5F72A3395F300EB715F /* Build configuration list for PBXProject "alterarNom3" */ = {
			isa = XCConfigurationList;
			buildConfigurations = (
				CE5FC61E2A3395F400EB715F /* Debug */,
				CE5FC61F2A3395F400EB715F /* Release */,
			);
			defaultConfigurationIsVisible = 0;
			defaultConfigurationName = Release;
		};
		CE5FC6202A3395F400EB715F /* Build configuration list for PBXNativeTarget "alterarNom3" */ = {
			isa = XCConfigurationList;
			buildConfigurations = (
				CE5FC6212A3395F400EB715F /* Debug */,
				CE5FC6222A3395F400EB715F /* Release */,
			);
			defaultConfigurationIsVisible = 0;
			defaultConfigurationName = Release;
		};
		CE5FC6232A3395F400EB715F /* Build configuration list for PBXNativeTarget "alterarNom3Tests" */ = {
			isa = XCConfigurationList;
			buildConfigurations = (
				CE5FC6242A3395F400EB715F /* Debug */,
				CE5FC6252A3395F400EB715F /* Release */,
			);
			defaultConfigurationIsVisible = 0;
			defaultConfigurationName = Release;
		};
		CE5FC6262A3395F400EB715F /* Build configuration list for PBXNativeTarget "alterarNom3UITests" */ = {
			isa = XCConfigurationList;
			buildConfigurations = (
				CE5FC6272A3395F400EB715F /* Debug */,
				CE5FC6282A3395F400EB715F /* Release */,
			);
			defaultConfigurationIsVisible = 0;
			defaultConfigurationName = Release;
		};
/* End XCConfigurationList section */
	};
	rootObject = CE5FC5F42A3395F300EB715F /* Project object */;
}
